// !$*UTF8*$!
{
	archiveVersion = 1;
	classes = {
	};
	objectVersion = 50;
	objects = {

/* Begin PBXBuildFile section */
		207BD797A22D3B43EDD899E6 /* Pods_CDCIApp.framework in Frameworks */ = {isa = PBXBuildFile; fileRef = 65DFBF171B9350EA69551EA1 /* Pods_CDCIApp.framework */; };
		9523B78D26F07F0E00B59395 /* AppDelegate.swift in Sources */ = {isa = PBXBuildFile; fileRef = 9523B78C26F07F0E00B59395 /* AppDelegate.swift */; };
		9523B78F26F07F0E00B59395 /* SceneDelegate.swift in Sources */ = {isa = PBXBuildFile; fileRef = 9523B78E26F07F0E00B59395 /* SceneDelegate.swift */; };
		9523B79126F07F0E00B59395 /* ViewController.swift in Sources */ = {isa = PBXBuildFile; fileRef = 9523B79026F07F0E00B59395 /* ViewController.swift */; };
		9523B79426F07F0E00B59395 /* Main.storyboard in Resources */ = {isa = PBXBuildFile; fileRef = 9523B79226F07F0E00B59395 /* Main.storyboard */; };
		9523B79626F07F0F00B59395 /* Assets.xcassets in Resources */ = {isa = PBXBuildFile; fileRef = 9523B79526F07F0F00B59395 /* Assets.xcassets */; };
		9523B79926F07F0F00B59395 /* LaunchScreen.storyboard in Resources */ = {isa = PBXBuildFile; fileRef = 9523B79726F07F0F00B59395 /* LaunchScreen.storyboard */; };
/* End PBXBuildFile section */

/* Begin PBXFileReference section */
		65DFBF171B9350EA69551EA1 /* Pods_CDCIApp.framework */ = {isa = PBXFileReference; explicitFileType = wrapper.framework; includeInIndex = 0; path = Pods_CDCIApp.framework; sourceTree = BUILT_PRODUCTS_DIR; };
		9523B78926F07F0E00B59395 /* CDCIApp.app */ = {isa = PBXFileReference; explicitFileType = wrapper.application; includeInIndex = 0; path = CDCIApp.app; sourceTree = BUILT_PRODUCTS_DIR; };
		9523B78C26F07F0E00B59395 /* AppDelegate.swift */ = {isa = PBXFileReference; lastKnownFileType = sourcecode.swift; path = AppDelegate.swift; sourceTree = "<group>"; };
		9523B78E26F07F0E00B59395 /* SceneDelegate.swift */ = {isa = PBXFileReference; lastKnownFileType = sourcecode.swift; path = SceneDelegate.swift; sourceTree = "<group>"; };
		9523B79026F07F0E00B59395 /* ViewController.swift */ = {isa = PBXFileReference; lastKnownFileType = sourcecode.swift; path = ViewController.swift; sourceTree = "<group>"; };
		9523B79326F07F0E00B59395 /* Base */ = {isa = PBXFileReference; lastKnownFileType = file.storyboard; name = Base; path = Base.lproj/Main.storyboard; sourceTree = "<group>"; };
		9523B79526F07F0F00B59395 /* Assets.xcassets */ = {isa = PBXFileReference; lastKnownFileType = folder.assetcatalog; path = Assets.xcassets; sourceTree = "<group>"; };
		9523B79826F07F0F00B59395 /* Base */ = {isa = PBXFileReference; lastKnownFileType = file.storyboard; name = Base; path = Base.lproj/LaunchScreen.storyboard; sourceTree = "<group>"; };
		9523B79A26F07F0F00B59395 /* Info.plist */ = {isa = PBXFileReference; lastKnownFileType = text.plist.xml; path = Info.plist; sourceTree = "<group>"; };
		CBE21D4440150900B5B50283 /* Pods-CDCIApp.release.xcconfig */ = {isa = PBXFileReference; includeInIndex = 1; lastKnownFileType = text.xcconfig; name = "Pods-CDCIApp.release.xcconfig"; path = "Target Support Files/Pods-CDCIApp/Pods-CDCIApp.release.xcconfig"; sourceTree = "<group>"; };
		EFC96916181350C3CA265C9C /* Pods-CDCIApp.debug.xcconfig */ = {isa = PBXFileReference; includeInIndex = 1; lastKnownFileType = text.xcconfig; name = "Pods-CDCIApp.debug.xcconfig"; path = "Target Support Files/Pods-CDCIApp/Pods-CDCIApp.debug.xcconfig"; sourceTree = "<group>"; };
/* End PBXFileReference section */

/* Begin PBXFrameworksBuildPhase section */
		9523B78626F07F0E00B59395 /* Frameworks */ = {
			isa = PBXFrameworksBuildPhase;
			buildActionMask = 2147483647;
			files = (
				207BD797A22D3B43EDD899E6 /* Pods_CDCIApp.framework in Frameworks */,
			);
			runOnlyForDeploymentPostprocessing = 0;
		};
/* End PBXFrameworksBuildPhase section */

/* Begin PBXGroup section */
		3F705C61F06C08A0C227B24D /* Frameworks */ = {
			isa = PBXGroup;
			children = (
				65DFBF171B9350EA69551EA1 /* Pods_CDCIApp.framework */,
			);
			name = Frameworks;
			sourceTree = "<group>";
		};
		60E4D2FC6307E20B53231BE0 /* Pods */ = {
			isa = PBXGroup;
			children = (
				EFC96916181350C3CA265C9C /* Pods-CDCIApp.debug.xcconfig */,
				CBE21D4440150900B5B50283 /* Pods-CDCIApp.release.xcconfig */,
			);
			name = Pods;
			path = Pods;
			sourceTree = "<group>";
		};
		9523B78026F07F0E00B59395 = {
			isa = PBXGroup;
			children = (
				9523B78B26F07F0E00B59395 /* CDCIApp */,
				9523B78A26F07F0E00B59395 /* Products */,
				60E4D2FC6307E20B53231BE0 /* Pods */,
				3F705C61F06C08A0C227B24D /* Frameworks */,
			);
			sourceTree = "<group>";
		};
		9523B78A26F07F0E00B59395 /* Products */ = {
			isa = PBXGroup;
			children = (
				9523B78926F07F0E00B59395 /* CDCIApp.app */,
			);
			name = Products;
			sourceTree = "<group>";
		};
		9523B78B26F07F0E00B59395 /* CDCIApp */ = {
			isa = PBXGroup;
			children = (
				9523B78C26F07F0E00B59395 /* AppDelegate.swift */,
				9523B78E26F07F0E00B59395 /* SceneDelegate.swift */,
				9523B79026F07F0E00B59395 /* ViewController.swift */,
				9523B79226F07F0E00B59395 /* Main.storyboard */,
				9523B79526F07F0F00B59395 /* Assets.xcassets */,
				9523B79726F07F0F00B59395 /* LaunchScreen.storyboard */,
				9523B79A26F07F0F00B59395 /* Info.plist */,
			);
			path = CDCIApp;
			sourceTree = "<group>";
		};
/* End PBXGroup section */

/* Begin PBXNativeTarget section */
		9523B78826F07F0E00B59395 /* CDCIApp */ = {
			isa = PBXNativeTarget;
			buildConfigurationList = 9523B79D26F07F0F00B59395 /* Build configuration list for PBXNativeTarget "CDCIApp" */;
			buildPhases = (
				9D4B0CD6AE4A5C38CCE72E6A /* [CP] Check Pods Manifest.lock */,
				9523B78526F07F0E00B59395 /* Sources */,
				9523B78626F07F0E00B59395 /* Frameworks */,
				9523B78726F07F0E00B59395 /* Resources */,
			);
			buildRules = (
			);
			dependencies = (
			);
			name = CDCIApp;
			productName = CDCIApp;
			productReference = 9523B78926F07F0E00B59395 /* CDCIApp.app */;
			productType = "com.apple.product-type.application";
		};
/* End PBXNativeTarget section */

/* Begin PBXProject section */
		9523B78126F07F0E00B59395 /* Project object */ = {
			isa = PBXProject;
			attributes = {
				LastSwiftUpdateCheck = 1250;
				LastUpgradeCheck = 1250;
				TargetAttributes = {
					9523B78826F07F0E00B59395 = {
						CreatedOnToolsVersion = 12.5.1;
					};
				};
			};
			buildConfigurationList = 9523B78426F07F0E00B59395 /* Build configuration list for PBXProject "CDCIApp" */;
			compatibilityVersion = "Xcode 9.3";
			developmentRegion = en;
			hasScannedForEncodings = 0;
			knownRegions = (
				en,
				Base,
			);
			mainGroup = 9523B78026F07F0E00B59395;
			productRefGroup = 9523B78A26F07F0E00B59395 /* Products */;
			projectDirPath = "";
			projectRoot = "";
			targets = (
				9523B78826F07F0E00B59395 /* CDCIApp */,
			);
		};
/* End PBXProject section */

/* Begin PBXResourcesBuildPhase section */
		9523B78726F07F0E00B59395 /* Resources */ = {
			isa = PBXResourcesBuildPhase;
			buildActionMask = 2147483647;
			files = (
				9523B79926F07F0F00B59395 /* LaunchScreen.storyboard in Resources */,
				9523B79626F07F0F00B59395 /* Assets.xcassets in Resources */,
				9523B79426F07F0E00B59395 /* Main.storyboard in Resources */,
			);
			runOnlyForDeploymentPostprocessing = 0;
		};
/* End PBXResourcesBuildPhase section */

/* Begin PBXShellScriptBuildPhase section */
		9D4B0CD6AE4A5C38CCE72E6A /* [CP] Check Pods Manifest.lock */ = {
			isa = PBXShellScriptBuildPhase;
			buildActionMask = 2147483647;
			files = (
			);
			inputFileListPaths = (
			);
			inputPaths = (
				"${PODS_PODFILE_DIR_PATH}/Podfile.lock",
				"${PODS_ROOT}/Manifest.lock",
			);
			name = "[CP] Check Pods Manifest.lock";
			outputFileListPaths = (
			);
			outputPaths = (
				"$(DERIVED_FILE_DIR)/Pods-CDCIApp-checkManifestLockResult.txt",
			);
			runOnlyForDeploymentPostprocessing = 0;
			shellPath = /bin/sh;
			shellScript = "diff \"${PODS_PODFILE_DIR_PATH}/Podfile.lock\" \"${PODS_ROOT}/Manifest.lock\" > /dev/null\nif [ $? != 0 ] ; then\n    # print error to STDERR\n    echo \"error: The sandbox is not in sync with the Podfile.lock. Run 'pod install' or update your CocoaPods installation.\" >&2\n    exit 1\nfi\n# This output is used by Xcode 'outputs' to avoid re-running this script phase.\necho \"SUCCESS\" > \"${SCRIPT_OUTPUT_FILE_0}\"\n";
			showEnvVarsInLog = 0;
		};
/* End PBXShellScriptBuildPhase section */

/* Begin PBXSourcesBuildPhase section */
		9523B78526F07F0E00B59395 /* Sources */ = {
			isa = PBXSourcesBuildPhase;
			buildActionMask = 2147483647;
			files = (
				9523B79126F07F0E00B59395 /* ViewController.swift in Sources */,
				9523B78D26F07F0E00B59395 /* AppDelegate.swift in Sources */,
				9523B78F26F07F0E00B59395 /* SceneDelegate.swift in Sources */,
			);
			runOnlyForDeploymentPostprocessing = 0;
		};
/* End PBXSourcesBuildPhase section */

/* Begin PBXVariantGroup section */
		9523B79226F07F0E00B59395 /* Main.storyboard */ = {
			isa = PBXVariantGroup;
			children = (
				9523B79326F07F0E00B59395 /* Base */,
			);
			name = Main.storyboard;
			sourceTree = "<group>";
		};
		9523B79726F07F0F00B59395 /* LaunchScreen.storyboard */ = {
			isa = PBXVariantGroup;
			children = (
				9523B79826F07F0F00B59395 /* Base */,
			);
			name = LaunchScreen.storyboard;
			sourceTree = "<group>";
		};
/* End PBXVariantGroup section */

/* Begin XCBuildConfiguration section */
		9523B79B26F07F0F00B59395 /* Debug */ = {
			isa = XCBuildConfiguration;
			buildSettings = {
				ALWAYS_SEARCH_USER_PATHS = NO;
				CLANG_ANALYZER_NONNULL = YES;
				CLANG_ANALYZER_NUMBER_OBJECT_CONVERSION = YES_AGGRESSIVE;
				CLANG_CXX_LANGUAGE_STANDARD = "gnu++14";
				CLANG_CXX_LIBRARY = "libc++";
				CLANG_ENABLE_MODULES = YES;
				CLANG_ENABLE_OBJC_ARC = YES;
				CLANG_ENABLE_OBJC_WEAK = YES;
				CLANG_WARN_BLOCK_CAPTURE_AUTORELEASING = YES;
				CLANG_WARN_BOOL_CONVERSION = YES;
				CLANG_WARN_COMMA = YES;
				CLANG_WARN_CONSTANT_CONVERSION = YES;
				CLANG_WARN_DEPRECATED_OBJC_IMPLEMENTATIONS = YES;
				CLANG_WARN_DIRECT_OBJC_ISA_USAGE = YES_ERROR;
				CLANG_WARN_DOCUMENTATION_COMMENTS = YES;
				CLANG_WARN_EMPTY_BODY = YES;
				CLANG_WARN_ENUM_CONVERSION = YES;
				CLANG_WARN_INFINITE_RECURSION = YES;
				CLANG_WARN_INT_CONVERSION = YES;
				CLANG_WARN_NON_LITERAL_NULL_CONVERSION = YES;
				CLANG_WARN_OBJC_IMPLICIT_RETAIN_SELF = YES;
				CLANG_WARN_OBJC_LITERAL_CONVERSION = YES;
				CLANG_WARN_OBJC_ROOT_CLASS = YES_ERROR;
				CLANG_WARN_QUOTED_INCLUDE_IN_FRAMEWORK_HEADER = YES;
				CLANG_WARN_RANGE_LOOP_ANALYSIS = YES;
				CLANG_WARN_STRICT_PROTOTYPES = YES;
				CLANG_WARN_SUSPICIOUS_MOVE = YES;
				CLANG_WARN_UNGUARDED_AVAILABILITY = YES_AGGRESSIVE;
				CLANG_WARN_UNREACHABLE_CODE = YES;
				CLANG_WARN__DUPLICATE_METHOD_MATCH = YES;
				COPY_PHASE_STRIP = NO;
				DEBUG_INFORMATION_FORMAT = dwarf;
				ENABLE_STRICT_OBJC_MSGSEND = YES;
				ENABLE_TESTABILITY = YES;
				GCC_C_LANGUAGE_STANDARD = gnu11;
				GCC_DYNAMIC_NO_PIC = NO;
				GCC_NO_COMMON_BLOCKS = YES;
				GCC_OPTIMIZATION_LEVEL = 0;
				GCC_PREPROCESSOR_DEFINITIONS = (
					"DEBUG=1",
					"$(inherited)",
				);
				GCC_WARN_64_TO_32_BIT_CONVERSION = YES;
				GCC_WARN_ABOUT_RETURN_TYPE = YES_ERROR;
				GCC_WARN_UNDECLARED_SELECTOR = YES;
				GCC_WARN_UNINITIALIZED_AUTOS = YES_AGGRESSIVE;
				GCC_WARN_UNUSED_FUNCTION = YES;
				GCC_WARN_UNUSED_VARIABLE = YES;
				IPHONEOS_DEPLOYMENT_TARGET = 14.5;
				MTL_ENABLE_DEBUG_INFO = INCLUDE_SOURCE;
				MTL_FAST_MATH = YES;
				ONLY_ACTIVE_ARCH = YES;
				SDKROOT = iphoneos;
				SWIFT_ACTIVE_COMPILATION_CONDITIONS = DEBUG;
				SWIFT_OPTIMIZATION_LEVEL = "-Onone";
			};
			name = Debug;
		};
		9523B79C26F07F0F00B59395 /* Release */ = {
			isa = XCBuildConfiguration;
			buildSettings = {
				ALWAYS_SEARCH_USER_PATHS = NO;
				CLANG_ANALYZER_NONNULL = YES;
				CLANG_ANALYZER_NUMBER_OBJECT_CONVERSION = YES_AGGRESSIVE;
				CLANG_CXX_LANGUAGE_STANDARD = "gnu++14";
				CLANG_CXX_LIBRARY = "libc++";
				CLANG_ENABLE_MODULES = YES;
				CLANG_ENABLE_OBJC_ARC = YES;
				CLANG_ENABLE_OBJC_WEAK = YES;
				CLANG_WARN_BLOCK_CAPTURE_AUTORELEASING = YES;
				CLANG_WARN_BOOL_CONVERSION = YES;
				CLANG_WARN_COMMA = YES;
				CLANG_WARN_CONSTANT_CONVERSION = YES;
				CLANG_WARN_DEPRECATED_OBJC_IMPLEMENTATIONS = YES;
				CLANG_WARN_DIRECT_OBJC_ISA_USAGE = YES_ERROR;
				CLANG_WARN_DOCUMENTATION_COMMENTS = YES;
				CLANG_WARN_EMPTY_BODY = YES;
				CLANG_WARN_ENUM_CONVERSION = YES;
				CLANG_WARN_INFINITE_RECURSION = YES;
				CLANG_WARN_INT_CONVERSION = YES;
				CLANG_WARN_NON_LITERAL_NULL_CONVERSION = YES;
				CLANG_WARN_OBJC_IMPLICIT_RETAIN_SELF = YES;
				CLANG_WARN_OBJC_LITERAL_CONVERSION = YES;
				CLANG_WARN_OBJC_ROOT_CLASS = YES_ERROR;
				CLANG_WARN_QUOTED_INCLUDE_IN_FRAMEWORK_HEADER = YES;
				CLANG_WARN_RANGE_LOOP_ANALYSIS = YES;
				CLANG_WARN_STRICT_PROTOTYPES = YES;
				CLANG_WARN_SUSPICIOUS_MOVE = YES;
				CLANG_WARN_UNGUARDED_AVAILABILITY = YES_AGGRESSIVE;
				CLANG_WARN_UNREACHABLE_CODE = YES;
				CLANG_WARN__DUPLICATE_METHOD_MATCH = YES;
				COPY_PHASE_STRIP = NO;
				DEBUG_INFORMATION_FORMAT = "dwarf-with-dsym";
				ENABLE_NS_ASSERTIONS = NO;
				ENABLE_STRICT_OBJC_MSGSEND = YES;
				GCC_C_LANGUAGE_STANDARD = gnu11;
				GCC_NO_COMMON_BLOCKS = YES;
				GCC_WARN_64_TO_32_BIT_CONVERSION = YES;
				GCC_WARN_ABOUT_RETURN_TYPE = YES_ERROR;
				GCC_WARN_UNDECLARED_SELECTOR = YES;
				GCC_WARN_UNINITIALIZED_AUTOS = YES_AGGRESSIVE;
				GCC_WARN_UNUSED_FUNCTION = YES;
				GCC_WARN_UNUSED_VARIABLE = YES;
				IPHONEOS_DEPLOYMENT_TARGET = 14.5;
				MTL_ENABLE_DEBUG_INFO = NO;
				MTL_FAST_MATH = YES;
				SDKROOT = iphoneos;
				SWIFT_COMPILATION_MODE = wholemodule;
				SWIFT_OPTIMIZATION_LEVEL = "-O";
				VALIDATE_PRODUCT = YES;
			};
			name = Release;
		};
		9523B79E26F07F0F00B59395 /* Debug */ = {
			isa = XCBuildConfiguration;
			baseConfigurationReference = EFC96916181350C3CA265C9C /* Pods-CDCIApp.debug.xcconfig */;
			buildSettings = {
				ASSETCATALOG_COMPILER_APPICON_NAME = AppIcon;
				ASSETCATALOG_COMPILER_GLOBAL_ACCENT_COLOR_NAME = AccentColor;
				CODE_SIGN_STYLE = Automatic;
				DEVELOPMENT_TEAM = SFQMHVSG5L;
				INFOPLIST_FILE = CDCIApp/Info.plist;
				LD_RUNPATH_SEARCH_PATHS = (
					"$(inherited)",
					"@executable_path/Frameworks",
				);
				PRODUCT_BUNDLE_IDENTIFIER = com.ios.CDCIApp;
				PRODUCT_NAME = "$(TARGET_NAME)";
				SWIFT_VERSION = 5.0;
				TARGETED_DEVICE_FAMILY = "1,2";
			};
			name = Debug;
		};
		9523B79F26F07F0F00B59395 /* Release */ = {
			isa = XCBuildConfiguration;
			baseConfigurationReference = CBE21D4440150900B5B50283 /* Pods-CDCIApp.release.xcconfig */;
			buildSettings = {
				ASSETCATALOG_COMPILER_APPICON_NAME = AppIcon;
				ASSETCATALOG_COMPILER_GLOBAL_ACCENT_COLOR_NAME = AccentColor;
				CODE_SIGN_STYLE = Automatic;
				DEVELOPMENT_TEAM = SFQMHVSG5L;
				INFOPLIST_FILE = CDCIApp/Info.plist;
				LD_RUNPATH_SEARCH_PATHS = (
					"$(inherited)",
					"@executable_path/Frameworks",
				);
				PRODUCT_BUNDLE_IDENTIFIER = com.ios.CDCIApp;
				PRODUCT_NAME = "$(TARGET_NAME)";
				SWIFT_VERSION = 5.0;
				TARGETED_DEVICE_FAMILY = "1,2";
			};
			name = Release;
		};
/* End XCBuildConfiguration section */

/* Begin XCConfigurationList section */
		9523B78426F07F0E00B59395 /* Build configuration list for PBXProject "CDCIApp" */ = {
			isa = XCConfigurationList;
			buildConfigurations = (
				9523B79B26F07F0F00B59395 /* Debug */,
				9523B79C26F07F0F00B59395 /* Release */,
			);
			defaultConfigurationIsVisible = 0;
			defaultConfigurationName = Release;
		};
		9523B79D26F07F0F00B59395 /* Build configuration list for PBXNativeTarget "CDCIApp" */ = {
			isa = XCConfigurationList;
			buildConfigurations = (
				9523B79E26F07F0F00B59395 /* Debug */,
				9523B79F26F07F0F00B59395 /* Release */,
			);
			defaultConfigurationIsVisible = 0;
			defaultConfigurationName = Release;
		};
/* End XCConfigurationList section */
	};
	rootObject = 9523B78126F07F0E00B59395 /* Project object */;
}
